
Microsoft Visual Studio Solution File, Format Version 12.00
# Visual Studio Version 17
VisualStudioVersion = 17.11.35222.181
MinimumVisualStudioVersion = 10.0.40219.1
Project("{FAE04EC0-301F-11D3-BF4B-00C04F79EFBC}") = "demo2811", "demo2811.csproj", "{A9CD0DBE-244A-4901-9D29-1BC308575693}"
EndProject
Global
	GlobalSection(SolutionConfigurationPlatforms) = preSolution
		Debug|Any CPU = Debug|Any CPU
		Release|Any CPU = Release|Any CPU
	EndGlobalSection
	GlobalSection(ProjectConfigurationPlatforms) = postSolution
		{A9CD0DBE-244A-4901-9D29-1BC308575693}.Debug|Any CPU.ActiveCfg = Debug|Any CPU
		{A9CD0DBE-244A-4901-9D29-1BC308575693}.Debug|Any CPU.Build.0 = Debug|Any CPU
		{A9CD0DBE-244A-4901-9D29-1BC308575693}.Release|Any CPU.ActiveCfg = Release|Any CPU
		{A9CD0DBE-244A-4901-9D29-1BC308575693}.Release|Any CPU.Build.0 = Release|Any CPU
	EndGlobalSection
	GlobalSection(SolutionProperties) = preSolution
		HideSolutionNode = FALSE
	EndGlobalSection
	GlobalSection(ExtensibilityGlobals) = postSolution
		SolutionGuid = {DD7075C7-4143-4966-8021-C3D8E4F21C0C}
	EndGlobalSection
EndGlobal
